
Microsoft Visual Studio Solution File, Format Version 12.00
# Visual Studio Version 17
VisualStudioVersion = 17.13.35806.99 d17.13
MinimumVisualStudioVersion = 10.0.40219.1
Project("{FAE04EC0-301F-11D3-BF4B-00C04F79EFBC}") = "datatypesAndTypecastingAssignment", "datatypesAndTypecastingAssignment\datatypesAndTypecastingAssignment.csproj", "{BBFC9198-312A-48A0-B1AC-685AD6875381}"
EndProject
Global
	GlobalSection(SolutionConfigurationPlatforms) = preSolution
		Debug|Any CPU = Debug|Any CPU
		Release|Any CPU = Release|Any CPU
	EndGlobalSection
	GlobalSection(ProjectConfigurationPlatforms) = postSolution
		{BBFC9198-312A-48A0-B1AC-685AD6875381}.Debug|Any CPU.ActiveCfg = Debug|Any CPU
		{BBFC9198-312A-48A0-B1AC-685AD6875381}.Debug|Any CPU.Build.0 = Debug|Any CPU
		{BBFC9198-312A-48A0-B1AC-685AD6875381}.Release|Any CPU.ActiveCfg = Release|Any CPU
		{BBFC9198-312A-48A0-B1AC-685AD6875381}.Release|Any CPU.Build.0 = Release|Any CPU
	EndGlobalSection
	GlobalSection(SolutionProperties) = preSolution
		HideSolutionNode = FALSE
	EndGlobalSection
	GlobalSection(ExtensibilityGlobals) = postSolution
		SolutionGuid = {306A3E9A-D3BE-4942-A0A2-82706CFDCB66}
	EndGlobalSection
EndGlobal
